
Microsoft Visual Studio Solution File, Format Version 12.00
# Visual Studio Version 17
VisualStudioVersion = 17.14.36203.30
MinimumVisualStudioVersion = 10.0.40219.1
Project("{FAE04EC0-301F-11D3-BF4B-00C04F79EFBC}") = "HelloWorld", "..\HelloWorld\HelloWorld.csproj", "{0EAE0D59-A662-4456-B093-5DFA72018349}"
EndProject
Project("{FAE04EC0-301F-11D3-BF4B-00C04F79EFBC}") = "ByteProjesi", "..\ByteProjesi\ByteProjesi.csproj", "{3F474B04-4CDB-4504-AFF7-75D68F76DAB7}"
EndProject
Project("{FAE04EC0-301F-11D3-BF4B-00C04F79EFBC}") = "ShortVeriTipi", "..\ShortVeriTipi\ShortVeriTipi.csproj", "{C2A8C0DD-A0EC-4264-BC44-84E1B5D3F61C}"
EndProject
Project("{FAE04EC0-301F-11D3-BF4B-00C04F79EFBC}") = "IntVeriTipi", "IntVeriTipi\IntVeriTipi.csproj", "{76C9F3CD-3E34-4AF6-AB40-00B81A58269B}"
EndProject
Project("{FAE04EC0-301F-11D3-BF4B-00C04F79EFBC}") = "LongVeriTipi", "LongVeriTipi\LongVeriTipi.csproj", "{323C42B4-ED8F-451E-BD8D-6A820F28C3F5}"
EndProject
Project("{FAE04EC0-301F-11D3-BF4B-00C04F79EFBC}") = "FloatVeriTipi", "FloatVeriTipi\FloatVeriTipi.csproj", "{EB21DACC-FD99-4EBD-9B88-E759D585B3CC}"
EndProject
Project("{FAE04EC0-301F-11D3-BF4B-00C04F79EFBC}") = "DoubleVeriTipi", "DoubleVeriTipi\DoubleVeriTipi.csproj", "{40D7C0B2-E7A0-44CC-818C-F57669703D54}"
EndProject
Project("{FAE04EC0-301F-11D3-BF4B-00C04F79EFBC}") = "CharVeriTipi", "CharVeriTipi\CharVeriTipi.csproj", "{8377A5DA-5F82-46EE-BA71-C2D1E85A2D97}"
EndProject
Project("{FAE04EC0-301F-11D3-BF4B-00C04F79EFBC}") = "StringVeriTipi", "StringVeriTipi\StringVeriTipi.csproj", "{4F5B2E08-96BD-429B-A099-2B163546E305}"
EndProject
Project("{FAE04EC0-301F-11D3-BF4B-00C04F79EFBC}") = "BoolVeriTipi", "BoolVeriTipi\BoolVeriTipi.csproj", "{93AB9938-6F19-4308-9A32-C5258D8BA92E}"
EndProject
Project("{FAE04EC0-301F-11D3-BF4B-00C04F79EFBC}") = "ObjectVeriTipi", "ObjectVeriTipi\ObjectVeriTipi.csproj", "{254F1715-69DD-4D9D-BA12-09C492519114}"
EndProject
Project("{FAE04EC0-301F-11D3-BF4B-00C04F79EFBC}") = "ToplamaVeCikarmaOperatorleri", "ToplamaVeCikarmaOperatorleri\ToplamaVeCikarmaOperatorleri.csproj", "{4F5297D6-73FD-44AE-8840-7337285B19AA}"
EndProject
Project("{FAE04EC0-301F-11D3-BF4B-00C04F79EFBC}") = "CarpmaVeBolmeOperatorleri", "CarpmaVeBolmeOperatorleri\CarpmaVeBolmeOperatorleri.csproj", "{4C7B862B-B31F-4956-9BE5-906693F55D6E}"
EndProject
Project("{FAE04EC0-301F-11D3-BF4B-00C04F79EFBC}") = "ModAlmaOperatoru", "ModAlmaOperatoru\ModAlmaOperatoru.csproj", "{B126E0AE-D58C-4DD6-96DF-AE4EC4CD5A7A}"
EndProject
Project("{FAE04EC0-301F-11D3-BF4B-00C04F79EFBC}") = "ArttırmaVeAzaltmaOperatoru", "ArttırmaVe\ArttırmaVeAzaltmaOperatoru.csproj", "{57755065-13A1-4EF3-997E-686684B8D0E4}"
EndProject
Project("{FAE04EC0-301F-11D3-BF4B-00C04F79EFBC}") = "AtamaOperatoru", "AtamaOperatoru\AtamaOperatoru.csproj", "{CF6356A8-A879-4B21-8F0D-F8250E93D241}"
EndProject
Project("{FAE04EC0-301F-11D3-BF4B-00C04F79EFBC}") = "EsittirOperatoru", "EsittirOperatoru\EsittirOperatoru.csproj", "{A683A0C8-5A6E-42F2-BB0C-7876C554AD22}"
EndProject
Project("{FAE04EC0-301F-11D3-BF4B-00C04F79EFBC}") = "EsitDegildirOperatoru", "EsitDegildirOperatoru\EsitDegildirOperatoru.csproj", "{DFF374D8-23F2-4E5C-A03B-F014616D3D6C}"
EndProject
Project("{FAE04EC0-301F-11D3-BF4B-00C04F79EFBC}") = "BuyukturVeBuyukesitOperatorleri", "BuyukturVeBuyukesitOperatorleri\BuyukturVeBuyukesitOperatorleri.csproj", "{BF3B473C-D32F-41A2-9CF6-A7C54BA4F22A}"
EndProject
Project("{FAE04EC0-301F-11D3-BF4B-00C04F79EFBC}") = "KucukturVeKucukesittirOperatoru", "KucukturVeKucukesittirOperatoru\KucukturVeKucukesittirOperatoru.csproj", "{B8C96B52-5196-498B-80C7-FA62C9D9A55E}"
EndProject
Project("{FAE04EC0-301F-11D3-BF4B-00C04F79EFBC}") = "VeOperatoru", "VeOperatoru\VeOperatoru.csproj", "{B79EF59E-8F95-4225-92E0-653C82449B6B}"
EndProject
Project("{FAE04EC0-301F-11D3-BF4B-00C04F79EFBC}") = "VeyaOperatoru", "VeyaOperatoru\VeyaOperatoru.csproj", "{8B945E93-A3E5-4074-825A-3FA970B9FFD4}"
EndProject
Project("{FAE04EC0-301F-11D3-BF4B-00C04F79EFBC}") = "DegilOperatoru", "DegilOperatoru\DegilOperatoru.csproj", "{EFA6362B-C2B0-4F06-BA7E-79E5B30F7E42}"
EndProject
Project("{FAE04EC0-301F-11D3-BF4B-00C04F79EFBC}") = "BreakPointVeTooltip", "BreakPointVeTooltip\BreakPointVeTooltip.csproj", "{9639C051-E8C6-4276-98C6-9F994208F3BA}"
EndProject
Project("{FAE04EC0-301F-11D3-BF4B-00C04F79EFBC}") = "KullanicidanDegerAlma", "KullanicidanDegerAlma\KullanicidanDegerAlma.csproj", "{E62E4442-6E6A-4C41-8A37-815A767B3BFF}"
EndProject
Project("{FAE04EC0-301F-11D3-BF4B-00C04F79EFBC}") = "TurDonusumleri", "TurDonusumleri\TurDonusumleri.csproj", "{7973F17C-3009-4D94-A443-5F7A6297C40C}"
EndProject
Global
	GlobalSection(SolutionConfigurationPlatforms) = preSolution
		Debug|Any CPU = Debug|Any CPU
		Release|Any CPU = Release|Any CPU
	EndGlobalSection
	GlobalSection(ProjectConfigurationPlatforms) = postSolution
		{0EAE0D59-A662-4456-B093-5DFA72018349}.Debug|Any CPU.ActiveCfg = Debug|Any CPU
		{0EAE0D59-A662-4456-B093-5DFA72018349}.Debug|Any CPU.Build.0 = Debug|Any CPU
		{0EAE0D59-A662-4456-B093-5DFA72018349}.Release|Any CPU.ActiveCfg = Release|Any CPU
		{0EAE0D59-A662-4456-B093-5DFA72018349}.Release|Any CPU.Build.0 = Release|Any CPU
		{3F474B04-4CDB-4504-AFF7-75D68F76DAB7}.Debug|Any CPU.ActiveCfg = Debug|Any CPU
		{3F474B04-4CDB-4504-AFF7-75D68F76DAB7}.Debug|Any CPU.Build.0 = Debug|Any CPU
		{3F474B04-4CDB-4504-AFF7-75D68F76DAB7}.Release|Any CPU.ActiveCfg = Release|Any CPU
		{3F474B04-4CDB-4504-AFF7-75D68F76DAB7}.Release|Any CPU.Build.0 = Release|Any CPU
		{C2A8C0DD-A0EC-4264-BC44-84E1B5D3F61C}.Debug|Any CPU.ActiveCfg = Debug|Any CPU
		{C2A8C0DD-A0EC-4264-BC44-84E1B5D3F61C}.Debug|Any CPU.Build.0 = Debug|Any CPU
		{C2A8C0DD-A0EC-4264-BC44-84E1B5D3F61C}.Release|Any CPU.ActiveCfg = Release|Any CPU
		{C2A8C0DD-A0EC-4264-BC44-84E1B5D3F61C}.Release|Any CPU.Build.0 = Release|Any CPU
		{76C9F3CD-3E34-4AF6-AB40-00B81A58269B}.Debug|Any CPU.ActiveCfg = Debug|Any CPU
		{76C9F3CD-3E34-4AF6-AB40-00B81A58269B}.Debug|Any CPU.Build.0 = Debug|Any CPU
		{76C9F3CD-3E34-4AF6-AB40-00B81A58269B}.Release|Any CPU.ActiveCfg = Release|Any CPU
		{76C9F3CD-3E34-4AF6-AB40-00B81A58269B}.Release|Any CPU.Build.0 = Release|Any CPU
		{323C42B4-ED8F-451E-BD8D-6A820F28C3F5}.Debug|Any CPU.ActiveCfg = Debug|Any CPU
		{323C42B4-ED8F-451E-BD8D-6A820F28C3F5}.Debug|Any CPU.Build.0 = Debug|Any CPU
		{323C42B4-ED8F-451E-BD8D-6A820F28C3F5}.Release|Any CPU.ActiveCfg = Release|Any CPU
		{323C42B4-ED8F-451E-BD8D-6A820F28C3F5}.Release|Any CPU.Build.0 = Release|Any CPU
		{EB21DACC-FD99-4EBD-9B88-E759D585B3CC}.Debug|Any CPU.ActiveCfg = Debug|Any CPU
		{EB21DACC-FD99-4EBD-9B88-E759D585B3CC}.Debug|Any CPU.Build.0 = Debug|Any CPU
		{EB21DACC-FD99-4EBD-9B88-E759D585B3CC}.Release|Any CPU.ActiveCfg = Release|Any CPU
		{EB21DACC-FD99-4EBD-9B88-E759D585B3CC}.Release|Any CPU.Build.0 = Release|Any CPU
		{40D7C0B2-E7A0-44CC-818C-F57669703D54}.Debug|Any CPU.ActiveCfg = Debug|Any CPU
		{40D7C0B2-E7A0-44CC-818C-F57669703D54}.Debug|Any CPU.Build.0 = Debug|Any CPU
		{40D7C0B2-E7A0-44CC-818C-F57669703D54}.Release|Any CPU.ActiveCfg = Release|Any CPU
		{40D7C0B2-E7A0-44CC-818C-F57669703D54}.Release|Any CPU.Build.0 = Release|Any CPU
		{8377A5DA-5F82-46EE-BA71-C2D1E85A2D97}.Debug|Any CPU.ActiveCfg = Debug|Any CPU
		{8377A5DA-5F82-46EE-BA71-C2D1E85A2D97}.Debug|Any CPU.Build.0 = Debug|Any CPU
		{8377A5DA-5F82-46EE-BA71-C2D1E85A2D97}.Release|Any CPU.ActiveCfg = Release|Any CPU
		{8377A5DA-5F82-46EE-BA71-C2D1E85A2D97}.Release|Any CPU.Build.0 = Release|Any CPU
		{4F5B2E08-96BD-429B-A099-2B163546E305}.Debug|Any CPU.ActiveCfg = Debug|Any CPU
		{4F5B2E08-96BD-429B-A099-2B163546E305}.Debug|Any CPU.Build.0 = Debug|Any CPU
		{4F5B2E08-96BD-429B-A099-2B163546E305}.Release|Any CPU.ActiveCfg = Release|Any CPU
		{4F5B2E08-96BD-429B-A099-2B163546E305}.Release|Any CPU.Build.0 = Release|Any CPU
		{93AB9938-6F19-4308-9A32-C5258D8BA92E}.Debug|Any CPU.ActiveCfg = Debug|Any CPU
		{93AB9938-6F19-4308-9A32-C5258D8BA92E}.Debug|Any CPU.Build.0 = Debug|Any CPU
		{93AB9938-6F19-4308-9A32-C5258D8BA92E}.Release|Any CPU.ActiveCfg = Release|Any CPU
		{93AB9938-6F19-4308-9A32-C5258D8BA92E}.Release|Any CPU.Build.0 = Release|Any CPU
		{254F1715-69DD-4D9D-BA12-09C492519114}.Debug|Any CPU.ActiveCfg = Debug|Any CPU
		{254F1715-69DD-4D9D-BA12-09C492519114}.Debug|Any CPU.Build.0 = Debug|Any CPU
		{254F1715-69DD-4D9D-BA12-09C492519114}.Release|Any CPU.ActiveCfg = Release|Any CPU
		{254F1715-69DD-4D9D-BA12-09C492519114}.Release|Any CPU.Build.0 = Release|Any CPU
		{4F5297D6-73FD-44AE-8840-7337285B19AA}.Debug|Any CPU.ActiveCfg = Debug|Any CPU
		{4F5297D6-73FD-44AE-8840-7337285B19AA}.Debug|Any CPU.Build.0 = Debug|Any CPU
		{4F5297D6-73FD-44AE-8840-7337285B19AA}.Release|Any CPU.ActiveCfg = Release|Any CPU
		{4F5297D6-73FD-44AE-8840-7337285B19AA}.Release|Any CPU.Build.0 = Release|Any CPU
		{4C7B862B-B31F-4956-9BE5-906693F55D6E}.Debug|Any CPU.ActiveCfg = Debug|Any CPU
		{4C7B862B-B31F-4956-9BE5-906693F55D6E}.Debug|Any CPU.Build.0 = Debug|Any CPU
		{4C7B862B-B31F-4956-9BE5-906693F55D6E}.Release|Any CPU.ActiveCfg = Release|Any CPU
		{4C7B862B-B31F-4956-9BE5-906693F55D6E}.Release|Any CPU.Build.0 = Release|Any CPU
		{B126E0AE-D58C-4DD6-96DF-AE4EC4CD5A7A}.Debug|Any CPU.ActiveCfg = Debug|Any CPU
		{B126E0AE-D58C-4DD6-96DF-AE4EC4CD5A7A}.Debug|Any CPU.Build.0 = Debug|Any CPU
		{B126E0AE-D58C-4DD6-96DF-AE4EC4CD5A7A}.Release|Any CPU.ActiveCfg = Release|Any CPU
		{B126E0AE-D58C-4DD6-96DF-AE4EC4CD5A7A}.Release|Any CPU.Build.0 = Release|Any CPU
		{57755065-13A1-4EF3-997E-686684B8D0E4}.Debug|Any CPU.ActiveCfg = Debug|Any CPU
		{57755065-13A1-4EF3-997E-686684B8D0E4}.Debug|Any CPU.Build.0 = Debug|Any CPU
		{57755065-13A1-4EF3-997E-686684B8D0E4}.Release|Any CPU.ActiveCfg = Release|Any CPU
		{57755065-13A1-4EF3-997E-686684B8D0E4}.Release|Any CPU.Build.0 = Release|Any CPU
		{CF6356A8-A879-4B21-8F0D-F8250E93D241}.Debug|Any CPU.ActiveCfg = Debug|Any CPU
		{CF6356A8-A879-4B21-8F0D-F8250E93D241}.Debug|Any CPU.Build.0 = Debug|Any CPU
		{CF6356A8-A879-4B21-8F0D-F8250E93D241}.Release|Any CPU.ActiveCfg = Release|Any CPU
		{CF6356A8-A879-4B21-8F0D-F8250E93D241}.Release|Any CPU.Build.0 = Release|Any CPU
		{A683A0C8-5A6E-42F2-BB0C-7876C554AD22}.Debug|Any CPU.ActiveCfg = Debug|Any CPU
		{A683A0C8-5A6E-42F2-BB0C-7876C554AD22}.Debug|Any CPU.Build.0 = Debug|Any CPU
		{A683A0C8-5A6E-42F2-BB0C-7876C554AD22}.Release|Any CPU.ActiveCfg = Release|Any CPU
		{A683A0C8-5A6E-42F2-BB0C-7876C554AD22}.Release|Any CPU.Build.0 = Release|Any CPU
		{DFF374D8-23F2-4E5C-A03B-F014616D3D6C}.Debug|Any CPU.ActiveCfg = Debug|Any CPU
		{DFF374D8-23F2-4E5C-A03B-F014616D3D6C}.Debug|Any CPU.Build.0 = Debug|Any CPU
		{DFF374D8-23F2-4E5C-A03B-F014616D3D6C}.Release|Any CPU.ActiveCfg = Release|Any CPU
		{DFF374D8-23F2-4E5C-A03B-F014616D3D6C}.Release|Any CPU.Build.0 = Release|Any CPU
		{BF3B473C-D32F-41A2-9CF6-A7C54BA4F22A}.Debug|Any CPU.ActiveCfg = Debug|Any CPU
		{BF3B473C-D32F-41A2-9CF6-A7C54BA4F22A}.Debug|Any CPU.Build.0 = Debug|Any CPU
		{BF3B473C-D32F-41A2-9CF6-A7C54BA4F22A}.Release|Any CPU.ActiveCfg = Release|Any CPU
		{BF3B473C-D32F-41A2-9CF6-A7C54BA4F22A}.Release|Any CPU.Build.0 = Release|Any CPU
		{B8C96B52-5196-498B-80C7-FA62C9D9A55E}.Debug|Any CPU.ActiveCfg = Debug|Any CPU
		{B8C96B52-5196-498B-80C7-FA62C9D9A55E}.Debug|Any CPU.Build.0 = Debug|Any CPU
		{B8C96B52-5196-498B-80C7-FA62C9D9A55E}.Release|Any CPU.ActiveCfg = Release|Any CPU
		{B8C96B52-5196-498B-80C7-FA62C9D9A55E}.Release|Any CPU.Build.0 = Release|Any CPU
		{B79EF59E-8F95-4225-92E0-653C82449B6B}.Debug|Any CPU.ActiveCfg = Debug|Any CPU
		{B79EF59E-8F95-4225-92E0-653C82449B6B}.Debug|Any CPU.Build.0 = Debug|Any CPU
		{B79EF59E-8F95-4225-92E0-653C82449B6B}.Release|Any CPU.ActiveCfg = Release|Any CPU
		{B79EF59E-8F95-4225-92E0-653C82449B6B}.Release|Any CPU.Build.0 = Release|Any CPU
		{8B945E93-A3E5-4074-825A-3FA970B9FFD4}.Debug|Any CPU.ActiveCfg = Debug|Any CPU
		{8B945E93-A3E5-4074-825A-3FA970B9FFD4}.Debug|Any CPU.Build.0 = Debug|Any CPU
		{8B945E93-A3E5-4074-825A-3FA970B9FFD4}.Release|Any CPU.ActiveCfg = Release|Any CPU
		{8B945E93-A3E5-4074-825A-3FA970B9FFD4}.Release|Any CPU.Build.0 = Release|Any CPU
		{EFA6362B-C2B0-4F06-BA7E-79E5B30F7E42}.Debug|Any CPU.ActiveCfg = Debug|Any CPU
		{EFA6362B-C2B0-4F06-BA7E-79E5B30F7E42}.Debug|Any CPU.Build.0 = Debug|Any CPU
		{EFA6362B-C2B0-4F06-BA7E-79E5B30F7E42}.Release|Any CPU.ActiveCfg = Release|Any CPU
		{EFA6362B-C2B0-4F06-BA7E-79E5B30F7E42}.Release|Any CPU.Build.0 = Release|Any CPU
		{9639C051-E8C6-4276-98C6-9F994208F3BA}.Debug|Any CPU.ActiveCfg = Debug|Any CPU
		{9639C051-E8C6-4276-98C6-9F994208F3BA}.Debug|Any CPU.Build.0 = Debug|Any CPU
		{9639C051-E8C6-4276-98C6-9F994208F3BA}.Release|Any CPU.ActiveCfg = Release|Any CPU
		{9639C051-E8C6-4276-98C6-9F994208F3BA}.Release|Any CPU.Build.0 = Release|Any CPU
		{E62E4442-6E6A-4C41-8A37-815A767B3BFF}.Debug|Any CPU.ActiveCfg = Debug|Any CPU
		{E62E4442-6E6A-4C41-8A37-815A767B3BFF}.Debug|Any CPU.Build.0 = Debug|Any CPU
		{E62E4442-6E6A-4C41-8A37-815A767B3BFF}.Release|Any CPU.ActiveCfg = Release|Any CPU
		{E62E4442-6E6A-4C41-8A37-815A767B3BFF}.Release|Any CPU.Build.0 = Release|Any CPU
		{7973F17C-3009-4D94-A443-5F7A6297C40C}.Debug|Any CPU.ActiveCfg = Debug|Any CPU
		{7973F17C-3009-4D94-A443-5F7A6297C40C}.Debug|Any CPU.Build.0 = Debug|Any CPU
		{7973F17C-3009-4D94-A443-5F7A6297C40C}.Release|Any CPU.ActiveCfg = Release|Any CPU
		{7973F17C-3009-4D94-A443-5F7A6297C40C}.Release|Any CPU.Build.0 = Release|Any CPU
	EndGlobalSection
	GlobalSection(SolutionProperties) = preSolution
		HideSolutionNode = FALSE
	EndGlobalSection
	GlobalSection(ExtensibilityGlobals) = postSolution
		SolutionGuid = {52B8105A-90EC-423C-9D4E-791E7ACC83BD}
	EndGlobalSection
EndGlobal
