
Microsoft Visual Studio Solution File, Format Version 12.00
# Visual Studio Version 17
VisualStudioVersion = 17.14.36203.30
MinimumVisualStudioVersion = 10.0.40219.1
Project("{FAE04EC0-301F-11D3-BF4B-00C04F79EFBC}") = "HelloWorld", "..\HelloWorld\HelloWorld.csproj", "{0EAE0D59-A662-4456-B093-5DFA72018349}"
EndProject
Project("{FAE04EC0-301F-11D3-BF4B-00C04F79EFBC}") = "ByteProjesi", "..\ByteProjesi\ByteProjesi.csproj", "{3F474B04-4CDB-4504-AFF7-75D68F76DAB7}"
EndProject
Project("{FAE04EC0-301F-11D3-BF4B-00C04F79EFBC}") = "ShortVeriTipi", "..\ShortVeriTipi\ShortVeriTipi.csproj", "{C2A8C0DD-A0EC-4264-BC44-84E1B5D3F61C}"
EndProject
Project("{FAE04EC0-301F-11D3-BF4B-00C04F79EFBC}") = "IntVeriTipi", "IntVeriTipi\IntVeriTipi.csproj", "{76C9F3CD-3E34-4AF6-AB40-00B81A58269B}"
EndProject
Global
	GlobalSection(SolutionConfigurationPlatforms) = preSolution
		Debug|Any CPU = Debug|Any CPU
		Release|Any CPU = Release|Any CPU
	EndGlobalSection
	GlobalSection(ProjectConfigurationPlatforms) = postSolution
		{0EAE0D59-A662-4456-B093-5DFA72018349}.Debug|Any CPU.ActiveCfg = Debug|Any CPU
		{0EAE0D59-A662-4456-B093-5DFA72018349}.Debug|Any CPU.Build.0 = Debug|Any CPU
		{0EAE0D59-A662-4456-B093-5DFA72018349}.Release|Any CPU.ActiveCfg = Release|Any CPU
		{0EAE0D59-A662-4456-B093-5DFA72018349}.Release|Any CPU.Build.0 = Release|Any CPU
		{3F474B04-4CDB-4504-AFF7-75D68F76DAB7}.Debug|Any CPU.ActiveCfg = Debug|Any CPU
		{3F474B04-4CDB-4504-AFF7-75D68F76DAB7}.Debug|Any CPU.Build.0 = Debug|Any CPU
		{3F474B04-4CDB-4504-AFF7-75D68F76DAB7}.Release|Any CPU.ActiveCfg = Release|Any CPU
		{3F474B04-4CDB-4504-AFF7-75D68F76DAB7}.Release|Any CPU.Build.0 = Release|Any CPU
		{C2A8C0DD-A0EC-4264-BC44-84E1B5D3F61C}.Debug|Any CPU.ActiveCfg = Debug|Any CPU
		{C2A8C0DD-A0EC-4264-BC44-84E1B5D3F61C}.Debug|Any CPU.Build.0 = Debug|Any CPU
		{C2A8C0DD-A0EC-4264-BC44-84E1B5D3F61C}.Release|Any CPU.ActiveCfg = Release|Any CPU
		{C2A8C0DD-A0EC-4264-BC44-84E1B5D3F61C}.Release|Any CPU.Build.0 = Release|Any CPU
		{76C9F3CD-3E34-4AF6-AB40-00B81A58269B}.Debug|Any CPU.ActiveCfg = Debug|Any CPU
		{76C9F3CD-3E34-4AF6-AB40-00B81A58269B}.Debug|Any CPU.Build.0 = Debug|Any CPU
		{76C9F3CD-3E34-4AF6-AB40-00B81A58269B}.Release|Any CPU.ActiveCfg = Release|Any CPU
		{76C9F3CD-3E34-4AF6-AB40-00B81A58269B}.Release|Any CPU.Build.0 = Release|Any CPU
	EndGlobalSection
	GlobalSection(SolutionProperties) = preSolution
		HideSolutionNode = FALSE
	EndGlobalSection
	GlobalSection(ExtensibilityGlobals) = postSolution
		SolutionGuid = {52B8105A-90EC-423C-9D4E-791E7ACC83BD}
	EndGlobalSection
EndGlobal
